
Microsoft Visual Studio Solution File, Format Version 12.00
# Visual Studio Version 17
VisualStudioVersion = 17.8.34330.188
MinimumVisualStudioVersion = 10.0.40219.1
Project("{FAE04EC0-301F-11D3-BF4B-00C04F79EFBC}") = "PhaseEndProjectPizza", "PhaseEndProjectPizza\PhaseEndProjectPizza.csproj", "{1B2403B1-80D2-4A11-8DD4-8A28EC3B8F16}"
EndProject
Project("{FAE04EC0-301F-11D3-BF4B-00C04F79EFBC}") = "SpecFlowPizza", "SpecFlowPizza\SpecFlowPizza.csproj", "{FEE5697B-8D86-4D8F-ADC4-74BAF90DF02D}"
EndProject
Project("{FAE04EC0-301F-11D3-BF4B-00C04F79EFBC}") = "ClassLibraryPizza", "ClassLibraryPizza\ClassLibraryPizza.csproj", "{854BE212-EF65-4ACB-8BD6-B0C03B169C83}"
EndProject
Global
	GlobalSection(SolutionConfigurationPlatforms) = preSolution
		Debug|Any CPU = Debug|Any CPU
		Release|Any CPU = Release|Any CPU
	EndGlobalSection
	GlobalSection(ProjectConfigurationPlatforms) = postSolution
		{1B2403B1-80D2-4A11-8DD4-8A28EC3B8F16}.Debug|Any CPU.ActiveCfg = Debug|Any CPU
		{1B2403B1-80D2-4A11-8DD4-8A28EC3B8F16}.Debug|Any CPU.Build.0 = Debug|Any CPU
		{1B2403B1-80D2-4A11-8DD4-8A28EC3B8F16}.Release|Any CPU.ActiveCfg = Release|Any CPU
		{1B2403B1-80D2-4A11-8DD4-8A28EC3B8F16}.Release|Any CPU.Build.0 = Release|Any CPU
		{FEE5697B-8D86-4D8F-ADC4-74BAF90DF02D}.Debug|Any CPU.ActiveCfg = Debug|Any CPU
		{FEE5697B-8D86-4D8F-ADC4-74BAF90DF02D}.Debug|Any CPU.Build.0 = Debug|Any CPU
		{FEE5697B-8D86-4D8F-ADC4-74BAF90DF02D}.Release|Any CPU.ActiveCfg = Release|Any CPU
		{FEE5697B-8D86-4D8F-ADC4-74BAF90DF02D}.Release|Any CPU.Build.0 = Release|Any CPU
		{854BE212-EF65-4ACB-8BD6-B0C03B169C83}.Debug|Any CPU.ActiveCfg = Debug|Any CPU
		{854BE212-EF65-4ACB-8BD6-B0C03B169C83}.Debug|Any CPU.Build.0 = Debug|Any CPU
		{854BE212-EF65-4ACB-8BD6-B0C03B169C83}.Release|Any CPU.ActiveCfg = Release|Any CPU
		{854BE212-EF65-4ACB-8BD6-B0C03B169C83}.Release|Any CPU.Build.0 = Release|Any CPU
	EndGlobalSection
	GlobalSection(SolutionProperties) = preSolution
		HideSolutionNode = FALSE
	EndGlobalSection
	GlobalSection(ExtensibilityGlobals) = postSolution
		SolutionGuid = {172AF53D-702F-4213-B2F8-BDE7C9A97296}
	EndGlobalSection
EndGlobal
